
Microsoft Visual Studio Solution File, Format Version 12.00
# Visual Studio Version 17
VisualStudioVersion = 17.2.32526.322
MinimumVisualStudioVersion = 10.0.40219.1
Project("{2150E333-8FDC-42A3-9474-1A3956D46DE8}") = "Application", "Application", "{6CB6FE22-84EC-4713-BEDC-2A010460B784}"
EndProject
Project("{2150E333-8FDC-42A3-9474-1A3956D46DE8}") = "Domain", "Domain", "{54303B60-3BD9-41E8-B448-E37F091D61B7}"
EndProject
Project("{2150E333-8FDC-42A3-9474-1A3956D46DE8}") = "Infra.IoC", "Infra.IoC", "{DC5A6016-EFC5-4BA4-8AE8-C87609540E82}"
EndProject
Project("{2150E333-8FDC-42A3-9474-1A3956D46DE8}") = "Infra.Data", "Infra.Data", "{993FE335-2EE3-4C01-8081-56246F07AB1D}"
EndProject
Project("{2150E333-8FDC-42A3-9474-1A3956D46DE8}") = "Presentation", "Presentation", "{B8FF68D6-54E7-4069-83EC-8B8C1DCA0F4B}"
EndProject
Project("{9A19103F-16F7-4668-BE54-9A1E7A4F7556}") = "CleanArch.Mvc", "CleanArch.Mvc\CleanArch.Mvc.csproj", "{FA2B6ED5-FB09-496B-8DB3-2FCA82B33E55}"
EndProject
Project("{9A19103F-16F7-4668-BE54-9A1E7A4F7556}") = "CleanArch.Domain", "CleanArch.Domain\CleanArch.Domain.csproj", "{278136EE-26F1-47A7-AC2B-A056CE7E95A4}"
EndProject
Project("{9A19103F-16F7-4668-BE54-9A1E7A4F7556}") = "CleanArch.Infra.Data", "CleanArch.Infra.Data\CleanArch.Infra.Data.csproj", "{8DEF1921-1BD9-40BB-9CFE-FBD633C5D78E}"
EndProject
Project("{9A19103F-16F7-4668-BE54-9A1E7A4F7556}") = "CleanArch.Application", "CleanArch.Application\CleanArch.Application.csproj", "{6CCD9715-E20B-4C2C-982E-51BF53D1C47A}"
EndProject
Project("{9A19103F-16F7-4668-BE54-9A1E7A4F7556}") = "CleanArch.Infra.IoC", "CleanArch.Infra.IoC\CleanArch.Infra.IoC.csproj", "{FB75EA0C-7DF9-4D34-8794-47AF4467C2B3}"
EndProject
Project("{2150E333-8FDC-42A3-9474-1A3956D46DE8}") = "Infra.Bus", "Infra.Bus", "{735F1984-76CF-4925-B447-486D30BD36E1}"
EndProject
Project("{2150E333-8FDC-42A3-9474-1A3956D46DE8}") = "API", "API", "{57B20D58-CE2A-4C63-B9E2-94C0C010427A}"
EndProject
Global
	GlobalSection(SolutionConfigurationPlatforms) = preSolution
		Debug|Any CPU = Debug|Any CPU
		Release|Any CPU = Release|Any CPU
	EndGlobalSection
	GlobalSection(ProjectConfigurationPlatforms) = postSolution
		{FA2B6ED5-FB09-496B-8DB3-2FCA82B33E55}.Debug|Any CPU.ActiveCfg = Debug|Any CPU
		{FA2B6ED5-FB09-496B-8DB3-2FCA82B33E55}.Debug|Any CPU.Build.0 = Debug|Any CPU
		{FA2B6ED5-FB09-496B-8DB3-2FCA82B33E55}.Release|Any CPU.ActiveCfg = Release|Any CPU
		{FA2B6ED5-FB09-496B-8DB3-2FCA82B33E55}.Release|Any CPU.Build.0 = Release|Any CPU
		{278136EE-26F1-47A7-AC2B-A056CE7E95A4}.Debug|Any CPU.ActiveCfg = Debug|Any CPU
		{278136EE-26F1-47A7-AC2B-A056CE7E95A4}.Debug|Any CPU.Build.0 = Debug|Any CPU
		{278136EE-26F1-47A7-AC2B-A056CE7E95A4}.Release|Any CPU.ActiveCfg = Release|Any CPU
		{278136EE-26F1-47A7-AC2B-A056CE7E95A4}.Release|Any CPU.Build.0 = Release|Any CPU
		{8DEF1921-1BD9-40BB-9CFE-FBD633C5D78E}.Debug|Any CPU.ActiveCfg = Debug|Any CPU
		{8DEF1921-1BD9-40BB-9CFE-FBD633C5D78E}.Debug|Any CPU.Build.0 = Debug|Any CPU
		{8DEF1921-1BD9-40BB-9CFE-FBD633C5D78E}.Release|Any CPU.ActiveCfg = Release|Any CPU
		{8DEF1921-1BD9-40BB-9CFE-FBD633C5D78E}.Release|Any CPU.Build.0 = Release|Any CPU
		{6CCD9715-E20B-4C2C-982E-51BF53D1C47A}.Debug|Any CPU.ActiveCfg = Debug|Any CPU
		{6CCD9715-E20B-4C2C-982E-51BF53D1C47A}.Debug|Any CPU.Build.0 = Debug|Any CPU
		{6CCD9715-E20B-4C2C-982E-51BF53D1C47A}.Release|Any CPU.ActiveCfg = Release|Any CPU
		{6CCD9715-E20B-4C2C-982E-51BF53D1C47A}.Release|Any CPU.Build.0 = Release|Any CPU
		{FB75EA0C-7DF9-4D34-8794-47AF4467C2B3}.Debug|Any CPU.ActiveCfg = Debug|Any CPU
		{FB75EA0C-7DF9-4D34-8794-47AF4467C2B3}.Debug|Any CPU.Build.0 = Debug|Any CPU
		{FB75EA0C-7DF9-4D34-8794-47AF4467C2B3}.Release|Any CPU.ActiveCfg = Release|Any CPU
		{FB75EA0C-7DF9-4D34-8794-47AF4467C2B3}.Release|Any CPU.Build.0 = Release|Any CPU
	EndGlobalSection
	GlobalSection(SolutionProperties) = preSolution
		HideSolutionNode = FALSE
	EndGlobalSection
	GlobalSection(NestedProjects) = preSolution
		{FA2B6ED5-FB09-496B-8DB3-2FCA82B33E55} = {B8FF68D6-54E7-4069-83EC-8B8C1DCA0F4B}
		{278136EE-26F1-47A7-AC2B-A056CE7E95A4} = {54303B60-3BD9-41E8-B448-E37F091D61B7}
		{8DEF1921-1BD9-40BB-9CFE-FBD633C5D78E} = {993FE335-2EE3-4C01-8081-56246F07AB1D}
		{6CCD9715-E20B-4C2C-982E-51BF53D1C47A} = {6CB6FE22-84EC-4713-BEDC-2A010460B784}
		{FB75EA0C-7DF9-4D34-8794-47AF4467C2B3} = {DC5A6016-EFC5-4BA4-8AE8-C87609540E82}
	EndGlobalSection
	GlobalSection(ExtensibilityGlobals) = postSolution
		SolutionGuid = {A3A43D4A-2E9C-421F-8910-60E59EA53B4C}
	EndGlobalSection
EndGlobal
